
Microsoft Visual Studio Solution File, Format Version 12.00
# Visual Studio Version 17
VisualStudioVersion = 17.9.34728.123
MinimumVisualStudioVersion = 10.0.40219.1
Project("{9A19103F-16F7-4668-BE54-9A1E7A4F7556}") = "Lib", "src\Lib\Lib.csproj", "{291A56FB-3A63-4414-B3B2-DAB6DD6C2E06}"
EndProject
Project("{9A19103F-16F7-4668-BE54-9A1E7A4F7556}") = "Web", "src\Web\Web.csproj", "{AC8A25ED-B103-4830-8868-A3117E5AA3B5}"
EndProject
Global
	GlobalSection(SolutionConfigurationPlatforms) = preSolution
		Debug|Any CPU = Debug|Any CPU
		Release|Any CPU = Release|Any CPU
	EndGlobalSection
	GlobalSection(ProjectConfigurationPlatforms) = postSolution
		{291A56FB-3A63-4414-B3B2-DAB6DD6C2E06}.Debug|Any CPU.ActiveCfg = Debug|Any CPU
		{291A56FB-3A63-4414-B3B2-DAB6DD6C2E06}.Debug|Any CPU.Build.0 = Debug|Any CPU
		{291A56FB-3A63-4414-B3B2-DAB6DD6C2E06}.Release|Any CPU.ActiveCfg = Release|Any CPU
		{291A56FB-3A63-4414-B3B2-DAB6DD6C2E06}.Release|Any CPU.Build.0 = Release|Any CPU
		{AC8A25ED-B103-4830-8868-A3117E5AA3B5}.Debug|Any CPU.ActiveCfg = Debug|Any CPU
		{AC8A25ED-B103-4830-8868-A3117E5AA3B5}.Debug|Any CPU.Build.0 = Debug|Any CPU
		{AC8A25ED-B103-4830-8868-A3117E5AA3B5}.Release|Any CPU.ActiveCfg = Release|Any CPU
		{AC8A25ED-B103-4830-8868-A3117E5AA3B5}.Release|Any CPU.Build.0 = Release|Any CPU
	EndGlobalSection
	GlobalSection(SolutionProperties) = preSolution
		HideSolutionNode = FALSE
	EndGlobalSection
	GlobalSection(ExtensibilityGlobals) = postSolution
		SolutionGuid = {76EAC033-AF8C-47EB-A1AC-79994698EEFB}
	EndGlobalSection
EndGlobal
